// !$*UTF8*$!
{
	archiveVersion = 1;
	classes = {
	};
	objectVersion = 55;
	objects = {

/* Begin PBXBuildFile section */
		F229FC62283FDCEC009EDF59 /* AppDelegate.swift in Sources */ = {isa = PBXBuildFile; fileRef = F229FC61283FDCEC009EDF59 /* AppDelegate.swift */; };
		F229FC64283FDCEC009EDF59 /* SceneDelegate.swift in Sources */ = {isa = PBXBuildFile; fileRef = F229FC63283FDCEC009EDF59 /* SceneDelegate.swift */; };
		F229FC66283FDCEC009EDF59 /* MainViewController.swift in Sources */ = {isa = PBXBuildFile; fileRef = F229FC65283FDCEC009EDF59 /* MainViewController.swift */; };
		F229FC69283FDCEC009EDF59 /* Main.storyboard in Resources */ = {isa = PBXBuildFile; fileRef = F229FC67283FDCEC009EDF59 /* Main.storyboard */; };
		F229FC6B283FDCED009EDF59 /* Assets.xcassets in Resources */ = {isa = PBXBuildFile; fileRef = F229FC6A283FDCED009EDF59 /* Assets.xcassets */; };
		F229FC6E283FDCED009EDF59 /* LaunchScreen.storyboard in Resources */ = {isa = PBXBuildFile; fileRef = F229FC6C283FDCED009EDF59 /* LaunchScreen.storyboard */; };
		F229FCDD28468167009EDF59 /* QuinnMurrayLib in Frameworks */ = {isa = PBXBuildFile; productRef = F229FCDC28468167009EDF59 /* QuinnMurrayLib */; };
		F235932D284EA32100E5DC0A /* ProductViewModel.swift in Sources */ = {isa = PBXBuildFile; fileRef = F235932C284EA32100E5DC0A /* ProductViewModel.swift */; };
/* End PBXBuildFile section */

/* Begin PBXFileReference section */
		F229FC5E283FDCEC009EDF59 /* QuinnMurrayUIKit.app */ = {isa = PBXFileReference; explicitFileType = wrapper.application; includeInIndex = 0; path = QuinnMurrayUIKit.app; sourceTree = BUILT_PRODUCTS_DIR; };
		F229FC61283FDCEC009EDF59 /* AppDelegate.swift */ = {isa = PBXFileReference; lastKnownFileType = sourcecode.swift; path = AppDelegate.swift; sourceTree = "<group>"; };
		F229FC63283FDCEC009EDF59 /* SceneDelegate.swift */ = {isa = PBXFileReference; lastKnownFileType = sourcecode.swift; path = SceneDelegate.swift; sourceTree = "<group>"; };
		F229FC65283FDCEC009EDF59 /* MainViewController.swift */ = {isa = PBXFileReference; lastKnownFileType = sourcecode.swift; path = MainViewController.swift; sourceTree = "<group>"; };
		F229FC68283FDCEC009EDF59 /* Base */ = {isa = PBXFileReference; lastKnownFileType = file.storyboard; name = Base; path = Base.lproj/Main.storyboard; sourceTree = "<group>"; };
		F229FC6A283FDCED009EDF59 /* Assets.xcassets */ = {isa = PBXFileReference; lastKnownFileType = folder.assetcatalog; path = Assets.xcassets; sourceTree = "<group>"; };
		F229FC6D283FDCED009EDF59 /* Base */ = {isa = PBXFileReference; lastKnownFileType = file.storyboard; name = Base; path = Base.lproj/LaunchScreen.storyboard; sourceTree = "<group>"; };
		F229FC6F283FDCED009EDF59 /* Info.plist */ = {isa = PBXFileReference; lastKnownFileType = text.plist.xml; path = Info.plist; sourceTree = "<group>"; };
		F235932C284EA32100E5DC0A /* ProductViewModel.swift */ = {isa = PBXFileReference; lastKnownFileType = sourcecode.swift; path = ProductViewModel.swift; sourceTree = "<group>"; };
		F235932E2850ECF400E5DC0A /* Assets.xcassets */ = {isa = PBXFileReference; lastKnownFileType = folder.assetcatalog; name = Assets.xcassets; path = QuinnMurrayUIKit/Assets.xcassets; sourceTree = "<group>"; };
/* End PBXFileReference section */

/* Begin PBXFrameworksBuildPhase section */
		F229FC5B283FDCEC009EDF59 /* Frameworks */ = {
			isa = PBXFrameworksBuildPhase;
			buildActionMask = 2147483647;
			files = (
				F229FCDD28468167009EDF59 /* QuinnMurrayLib in Frameworks */,
			);
			runOnlyForDeploymentPostprocessing = 0;
		};
/* End PBXFrameworksBuildPhase section */

/* Begin PBXGroup section */
		F229FC55283FDCEC009EDF59 = {
			isa = PBXGroup;
			children = (
				F235932E2850ECF400E5DC0A /* Assets.xcassets */,
				F229FC60283FDCEC009EDF59 /* QuinnMurrayUIKit */,
				F229FC5F283FDCEC009EDF59 /* Products */,
			);
			sourceTree = "<group>";
		};
		F229FC5F283FDCEC009EDF59 /* Products */ = {
			isa = PBXGroup;
			children = (
				F229FC5E283FDCEC009EDF59 /* QuinnMurrayUIKit.app */,
			);
			name = Products;
			sourceTree = "<group>";
		};
		F229FC60283FDCEC009EDF59 /* QuinnMurrayUIKit */ = {
			isa = PBXGroup;
			children = (
				F229FC7A283FDD40009EDF59 /* Models */,
				F229FC79283FDD36009EDF59 /* ViewModels */,
				F229FC78283FDD13009EDF59 /* Controllers */,
				F229FC77283FDD0E009EDF59 /* Services */,
				F229FC76283FDD06009EDF59 /* Extensions */,
				F229FC75283FDD02009EDF59 /* Utils */,
				F229FC61283FDCEC009EDF59 /* AppDelegate.swift */,
				F229FC63283FDCEC009EDF59 /* SceneDelegate.swift */,
				F229FC65283FDCEC009EDF59 /* MainViewController.swift */,
				F229FC67283FDCEC009EDF59 /* Main.storyboard */,
				F229FC6A283FDCED009EDF59 /* Assets.xcassets */,
				F229FC6C283FDCED009EDF59 /* LaunchScreen.storyboard */,
				F229FC6F283FDCED009EDF59 /* Info.plist */,
			);
			path = QuinnMurrayUIKit;
			sourceTree = "<group>";
		};
		F229FC75283FDD02009EDF59 /* Utils */ = {
			isa = PBXGroup;
			children = (
			);
			path = Utils;
			sourceTree = "<group>";
		};
		F229FC76283FDD06009EDF59 /* Extensions */ = {
			isa = PBXGroup;
			children = (
			);
			path = Extensions;
			sourceTree = "<group>";
		};
		F229FC77283FDD0E009EDF59 /* Services */ = {
			isa = PBXGroup;
			children = (
			);
			path = Services;
			sourceTree = "<group>";
		};
		F229FC78283FDD13009EDF59 /* Controllers */ = {
			isa = PBXGroup;
			children = (
			);
			path = Controllers;
			sourceTree = "<group>";
		};
		F229FC79283FDD36009EDF59 /* ViewModels */ = {
			isa = PBXGroup;
			children = (
				F235932C284EA32100E5DC0A /* ProductViewModel.swift */,
			);
			path = ViewModels;
			sourceTree = "<group>";
		};
		F229FC7A283FDD40009EDF59 /* Models */ = {
			isa = PBXGroup;
			children = (
			);
			path = Models;
			sourceTree = "<group>";
		};
/* End PBXGroup section */

/* Begin PBXNativeTarget section */
		F229FC5D283FDCEC009EDF59 /* QuinnMurrayUIKit */ = {
			isa = PBXNativeTarget;
			buildConfigurationList = F229FC72283FDCED009EDF59 /* Build configuration list for PBXNativeTarget "QuinnMurrayUIKit" */;
			buildPhases = (
				F229FC5A283FDCEC009EDF59 /* Sources */,
				F229FC5B283FDCEC009EDF59 /* Frameworks */,
				F229FC5C283FDCEC009EDF59 /* Resources */,
			);
			buildRules = (
			);
			dependencies = (
			);
			name = QuinnMurrayUIKit;
			packageProductDependencies = (
				F229FCDC28468167009EDF59 /* QuinnMurrayLib */,
			);
			productName = QuinnMurrayUIKit;
			productReference = F229FC5E283FDCEC009EDF59 /* QuinnMurrayUIKit.app */;
			productType = "com.apple.product-type.application";
		};
/* End PBXNativeTarget section */

/* Begin PBXProject section */
		F229FC56283FDCEC009EDF59 /* Project object */ = {
			isa = PBXProject;
			attributes = {
				BuildIndependentTargetsInParallel = 1;
				LastSwiftUpdateCheck = 1340;
				LastUpgradeCheck = 1340;
				TargetAttributes = {
					F229FC5D283FDCEC009EDF59 = {
						CreatedOnToolsVersion = 13.4;
					};
				};
			};
			buildConfigurationList = F229FC59283FDCEC009EDF59 /* Build configuration list for PBXProject "QuinnMurrayUIKit" */;
			compatibilityVersion = "Xcode 13.0";
			developmentRegion = en;
			hasScannedForEncodings = 0;
			knownRegions = (
				en,
				Base,
			);
			mainGroup = F229FC55283FDCEC009EDF59;
			packageReferences = (
				F229FCDB28468167009EDF59 /* XCRemoteSwiftPackageReference "QuinnMurrayLib" */,
			);
			productRefGroup = F229FC5F283FDCEC009EDF59 /* Products */;
			projectDirPath = "";
			projectRoot = "";
			targets = (
				F229FC5D283FDCEC009EDF59 /* QuinnMurrayUIKit */,
			);
		};
/* End PBXProject section */

/* Begin PBXResourcesBuildPhase section */
		F229FC5C283FDCEC009EDF59 /* Resources */ = {
			isa = PBXResourcesBuildPhase;
			buildActionMask = 2147483647;
			files = (
				F229FC6B283FDCED009EDF59 /* Assets.xcassets in Resources */,
				F229FC6E283FDCED009EDF59 /* LaunchScreen.storyboard in Resources */,
				F229FC69283FDCEC009EDF59 /* Main.storyboard in Resources */,
			);
			runOnlyForDeploymentPostprocessing = 0;
		};
/* End PBXResourcesBuildPhase section */

/* Begin PBXSourcesBuildPhase section */
		F229FC5A283FDCEC009EDF59 /* Sources */ = {
			isa = PBXSourcesBuildPhase;
			buildActionMask = 2147483647;
			files = (
				F229FC66283FDCEC009EDF59 /* MainViewController.swift in Sources */,
				F229FC62283FDCEC009EDF59 /* AppDelegate.swift in Sources */,
				F235932D284EA32100E5DC0A /* ProductViewModel.swift in Sources */,
				F229FC64283FDCEC009EDF59 /* SceneDelegate.swift in Sources */,
			);
			runOnlyForDeploymentPostprocessing = 0;
		};
/* End PBXSourcesBuildPhase section */

/* Begin PBXVariantGroup section */
		F229FC67283FDCEC009EDF59 /* Main.storyboard */ = {
			isa = PBXVariantGroup;
			children = (
				F229FC68283FDCEC009EDF59 /* Base */,
			);
			name = Main.storyboard;
			sourceTree = "<group>";
		};
		F229FC6C283FDCED009EDF59 /* LaunchScreen.storyboard */ = {
			isa = PBXVariantGroup;
			children = (
				F229FC6D283FDCED009EDF59 /* Base */,
			);
			name = LaunchScreen.storyboard;
			sourceTree = "<group>";
		};
/* End PBXVariantGroup section */

/* Begin XCBuildConfiguration section */
		F229FC70283FDCED009EDF59 /* Debug */ = {
			isa = XCBuildConfiguration;
			buildSettings = {
				ALWAYS_SEARCH_USER_PATHS = NO;
				CLANG_ANALYZER_NONNULL = YES;
				CLANG_ANALYZER_NUMBER_OBJECT_CONVERSION = YES_AGGRESSIVE;
				CLANG_CXX_LANGUAGE_STANDARD = "gnu++17";
				CLANG_ENABLE_MODULES = YES;
				CLANG_ENABLE_OBJC_ARC = YES;
				CLANG_ENABLE_OBJC_WEAK = YES;
				CLANG_WARN_BLOCK_CAPTURE_AUTORELEASING = YES;
				CLANG_WARN_BOOL_CONVERSION = YES;
				CLANG_WARN_COMMA = YES;
				CLANG_WARN_CONSTANT_CONVERSION = YES;
				CLANG_WARN_DEPRECATED_OBJC_IMPLEMENTATIONS = YES;
				CLANG_WARN_DIRECT_OBJC_ISA_USAGE = YES_ERROR;
				CLANG_WARN_DOCUMENTATION_COMMENTS = YES;
				CLANG_WARN_EMPTY_BODY = YES;
				CLANG_WARN_ENUM_CONVERSION = YES;
				CLANG_WARN_INFINITE_RECURSION = YES;
				CLANG_WARN_INT_CONVERSION = YES;
				CLANG_WARN_NON_LITERAL_NULL_CONVERSION = YES;
				CLANG_WARN_OBJC_IMPLICIT_RETAIN_SELF = YES;
				CLANG_WARN_OBJC_LITERAL_CONVERSION = YES;
				CLANG_WARN_OBJC_ROOT_CLASS = YES_ERROR;
				CLANG_WARN_QUOTED_INCLUDE_IN_FRAMEWORK_HEADER = YES;
				CLANG_WARN_RANGE_LOOP_ANALYSIS = YES;
				CLANG_WARN_STRICT_PROTOTYPES = YES;
				CLANG_WARN_SUSPICIOUS_MOVE = YES;
				CLANG_WARN_UNGUARDED_AVAILABILITY = YES_AGGRESSIVE;
				CLANG_WARN_UNREACHABLE_CODE = YES;
				CLANG_WARN__DUPLICATE_METHOD_MATCH = YES;
				COPY_PHASE_STRIP = NO;
				DEBUG_INFORMATION_FORMAT = dwarf;
				ENABLE_STRICT_OBJC_MSGSEND = YES;
				ENABLE_TESTABILITY = YES;
				GCC_C_LANGUAGE_STANDARD = gnu11;
				GCC_DYNAMIC_NO_PIC = NO;
				GCC_NO_COMMON_BLOCKS = YES;
				GCC_OPTIMIZATION_LEVEL = 0;
				GCC_PREPROCESSOR_DEFINITIONS = (
					"DEBUG=1",
					"$(inherited)",
				);
				GCC_WARN_64_TO_32_BIT_CONVERSION = YES;
				GCC_WARN_ABOUT_RETURN_TYPE = YES_ERROR;
				GCC_WARN_UNDECLARED_SELECTOR = YES;
				GCC_WARN_UNINITIALIZED_AUTOS = YES_AGGRESSIVE;
				GCC_WARN_UNUSED_FUNCTION = YES;
				GCC_WARN_UNUSED_VARIABLE = YES;
				IPHONEOS_DEPLOYMENT_TARGET = 15.5;
				MTL_ENABLE_DEBUG_INFO = INCLUDE_SOURCE;
				MTL_FAST_MATH = YES;
				ONLY_ACTIVE_ARCH = YES;
				SDKROOT = iphoneos;
				SWIFT_ACTIVE_COMPILATION_CONDITIONS = DEBUG;
				SWIFT_OPTIMIZATION_LEVEL = "-Onone";
			};
			name = Debug;
		};
		F229FC71283FDCED009EDF59 /* Release */ = {
			isa = XCBuildConfiguration;
			buildSettings = {
				ALWAYS_SEARCH_USER_PATHS = NO;
				CLANG_ANALYZER_NONNULL = YES;
				CLANG_ANALYZER_NUMBER_OBJECT_CONVERSION = YES_AGGRESSIVE;
				CLANG_CXX_LANGUAGE_STANDARD = "gnu++17";
				CLANG_ENABLE_MODULES = YES;
				CLANG_ENABLE_OBJC_ARC = YES;
				CLANG_ENABLE_OBJC_WEAK = YES;
				CLANG_WARN_BLOCK_CAPTURE_AUTORELEASING = YES;
				CLANG_WARN_BOOL_CONVERSION = YES;
				CLANG_WARN_COMMA = YES;
				CLANG_WARN_CONSTANT_CONVERSION = YES;
				CLANG_WARN_DEPRECATED_OBJC_IMPLEMENTATIONS = YES;
				CLANG_WARN_DIRECT_OBJC_ISA_USAGE = YES_ERROR;
				CLANG_WARN_DOCUMENTATION_COMMENTS = YES;
				CLANG_WARN_EMPTY_BODY = YES;
				CLANG_WARN_ENUM_CONVERSION = YES;
				CLANG_WARN_INFINITE_RECURSION = YES;
				CLANG_WARN_INT_CONVERSION = YES;
				CLANG_WARN_NON_LITERAL_NULL_CONVERSION = YES;
				CLANG_WARN_OBJC_IMPLICIT_RETAIN_SELF = YES;
				CLANG_WARN_OBJC_LITERAL_CONVERSION = YES;
				CLANG_WARN_OBJC_ROOT_CLASS = YES_ERROR;
				CLANG_WARN_QUOTED_INCLUDE_IN_FRAMEWORK_HEADER = YES;
				CLANG_WARN_RANGE_LOOP_ANALYSIS = YES;
				CLANG_WARN_STRICT_PROTOTYPES = YES;
				CLANG_WARN_SUSPICIOUS_MOVE = YES;
				CLANG_WARN_UNGUARDED_AVAILABILITY = YES_AGGRESSIVE;
				CLANG_WARN_UNREACHABLE_CODE = YES;
				CLANG_WARN__DUPLICATE_METHOD_MATCH = YES;
				COPY_PHASE_STRIP = NO;
				DEBUG_INFORMATION_FORMAT = "dwarf-with-dsym";
				ENABLE_NS_ASSERTIONS = NO;
				ENABLE_STRICT_OBJC_MSGSEND = YES;
				GCC_C_LANGUAGE_STANDARD = gnu11;
				GCC_NO_COMMON_BLOCKS = YES;
				GCC_WARN_64_TO_32_BIT_CONVERSION = YES;
				GCC_WARN_ABOUT_RETURN_TYPE = YES_ERROR;
				GCC_WARN_UNDECLARED_SELECTOR = YES;
				GCC_WARN_UNINITIALIZED_AUTOS = YES_AGGRESSIVE;
				GCC_WARN_UNUSED_FUNCTION = YES;
				GCC_WARN_UNUSED_VARIABLE = YES;
				IPHONEOS_DEPLOYMENT_TARGET = 15.5;
				MTL_ENABLE_DEBUG_INFO = NO;
				MTL_FAST_MATH = YES;
				SDKROOT = iphoneos;
				SWIFT_COMPILATION_MODE = wholemodule;
				SWIFT_OPTIMIZATION_LEVEL = "-O";
				VALIDATE_PRODUCT = YES;
			};
			name = Release;
		};
		F229FC73283FDCED009EDF59 /* Debug */ = {
			isa = XCBuildConfiguration;
			buildSettings = {
				ASSETCATALOG_COMPILER_APPICON_NAME = AppIcon;
				ASSETCATALOG_COMPILER_GLOBAL_ACCENT_COLOR_NAME = AccentColor;
				CODE_SIGN_STYLE = Automatic;
				CURRENT_PROJECT_VERSION = 1;
				DEVELOPMENT_TEAM = S57ZTCJ354;
				GENERATE_INFOPLIST_FILE = YES;
				INFOPLIST_FILE = QuinnMurrayUIKit/Info.plist;
				INFOPLIST_KEY_UIApplicationSupportsIndirectInputEvents = YES;
				INFOPLIST_KEY_UILaunchStoryboardName = LaunchScreen;
				INFOPLIST_KEY_UIMainStoryboardFile = Main;
				INFOPLIST_KEY_UISupportedInterfaceOrientations_iPad = "UIInterfaceOrientationPortrait UIInterfaceOrientationPortraitUpsideDown UIInterfaceOrientationLandscapeLeft UIInterfaceOrientationLandscapeRight";
				INFOPLIST_KEY_UISupportedInterfaceOrientations_iPhone = "UIInterfaceOrientationPortrait UIInterfaceOrientationLandscapeLeft UIInterfaceOrientationLandscapeRight";
				LD_RUNPATH_SEARCH_PATHS = (
					"$(inherited)",
					"@executable_path/Frameworks",
				);
				MARKETING_VERSION = 1.0;
				PRODUCT_BUNDLE_IDENTIFIER = com.qm.QuinnMurrayUIKit;
				PRODUCT_NAME = "$(TARGET_NAME)";
				SWIFT_EMIT_LOC_STRINGS = YES;
				SWIFT_VERSION = 5.0;
				TARGETED_DEVICE_FAMILY = "1,2";
			};
			name = Debug;
		};
		F229FC74283FDCED009EDF59 /* Release */ = {
			isa = XCBuildConfiguration;
			buildSettings = {
				ASSETCATALOG_COMPILER_APPICON_NAME = AppIcon;
				ASSETCATALOG_COMPILER_GLOBAL_ACCENT_COLOR_NAME = AccentColor;
				CODE_SIGN_STYLE = Automatic;
				CURRENT_PROJECT_VERSION = 1;
				DEVELOPMENT_TEAM = S57ZTCJ354;
				GENERATE_INFOPLIST_FILE = YES;
				INFOPLIST_FILE = QuinnMurrayUIKit/Info.plist;
				INFOPLIST_KEY_UIApplicationSupportsIndirectInputEvents = YES;
				INFOPLIST_KEY_UILaunchStoryboardName = LaunchScreen;
				INFOPLIST_KEY_UIMainStoryboardFile = Main;
				INFOPLIST_KEY_UISupportedInterfaceOrientations_iPad = "UIInterfaceOrientationPortrait UIInterfaceOrientationPortraitUpsideDown UIInterfaceOrientationLandscapeLeft UIInterfaceOrientationLandscapeRight";
				INFOPLIST_KEY_UISupportedInterfaceOrientations_iPhone = "UIInterfaceOrientationPortrait UIInterfaceOrientationLandscapeLeft UIInterfaceOrientationLandscapeRight";
				LD_RUNPATH_SEARCH_PATHS = (
					"$(inherited)",
					"@executable_path/Frameworks",
				);
				MARKETING_VERSION = 1.0;
				PRODUCT_BUNDLE_IDENTIFIER = com.qm.QuinnMurrayUIKit;
				PRODUCT_NAME = "$(TARGET_NAME)";
				SWIFT_EMIT_LOC_STRINGS = YES;
				SWIFT_VERSION = 5.0;
				TARGETED_DEVICE_FAMILY = "1,2";
			};
			name = Release;
		};
/* End XCBuildConfiguration section */

/* Begin XCConfigurationList section */
		F229FC59283FDCEC009EDF59 /* Build configuration list for PBXProject "QuinnMurrayUIKit" */ = {
			isa = XCConfigurationList;
			buildConfigurations = (
				F229FC70283FDCED009EDF59 /* Debug */,
				F229FC71283FDCED009EDF59 /* Release */,
			);
			defaultConfigurationIsVisible = 0;
			defaultConfigurationName = Release;
		};
		F229FC72283FDCED009EDF59 /* Build configuration list for PBXNativeTarget "QuinnMurrayUIKit" */ = {
			isa = XCConfigurationList;
			buildConfigurations = (
				F229FC73283FDCED009EDF59 /* Debug */,
				F229FC74283FDCED009EDF59 /* Release */,
			);
			defaultConfigurationIsVisible = 0;
			defaultConfigurationName = Release;
		};
/* End XCConfigurationList section */

/* Begin XCRemoteSwiftPackageReference section */
		F229FCDB28468167009EDF59 /* XCRemoteSwiftPackageReference "QuinnMurrayLib" */ = {
			isa = XCRemoteSwiftPackageReference;
			repositoryURL = "https://github.com/jsweenQM/QuinnMurrayLib";
			requirement = {
				branch = main;
				kind = branch;
			};
		};
/* End XCRemoteSwiftPackageReference section */

/* Begin XCSwiftPackageProductDependency section */
		F229FCDC28468167009EDF59 /* QuinnMurrayLib */ = {
			isa = XCSwiftPackageProductDependency;
			package = F229FCDB28468167009EDF59 /* XCRemoteSwiftPackageReference "QuinnMurrayLib" */;
			productName = QuinnMurrayLib;
		};
/* End XCSwiftPackageProductDependency section */
	};
	rootObject = F229FC56283FDCEC009EDF59 /* Project object */;
}
