{
  "pins" : [
    {
      "identity" : "quinnmurraylib",
      "kind" : "remoteSourceControl",
      "location" : "https://github.com/jsweenQM/QuinnMurrayLib",
      "state" : {
        "branch" : "main",
        "revision" : "f12ae35b40bc1ff9fc40be5a8b9cd3d9b7efc239"
      }
    }
  ],
  "version" : 2
}
