{
  "pins" : [
    {
      "identity" : "quinnmurraylib",
      "kind" : "remoteSourceControl",
      "location" : "https://github.com/jsweenQM/QuinnMurrayLib",
      "state" : {
        "branch" : "main",
        "revision" : "dd2de1694185f598092831633d327e84b0bb8a3c"
      }
    }
  ],
  "version" : 2
}
