{
  "pins" : [
    {
      "identity" : "quinnmurraylib",
      "kind" : "remoteSourceControl",
      "location" : "https://github.com/jsweenQM/QuinnMurrayLib",
      "state" : {
        "branch" : "main",
        "revision" : "1be4e8a76c15d0ed513f16a6d44d22cb1d24367b"
      }
    }
  ],
  "version" : 2
}
